
Microsoft Visual Studio Solution File, Format Version 12.00
# Visual Studio Version 17
VisualStudioVersion = 17.6.33829.357
MinimumVisualStudioVersion = 10.0.40219.1
Project("{FAE04EC0-301F-11D3-BF4B-00C04F79EFBC}") = "EmployeeApi", "EmployeeApi\EmployeeApi.csproj", "{7BBB2D02-1374-41BF-AE22-BE8DFAA8914E}"
EndProject
Global
	GlobalSection(SolutionConfigurationPlatforms) = preSolution
		Debug|Any CPU = Debug|Any CPU
		Release|Any CPU = Release|Any CPU
	EndGlobalSection
	GlobalSection(ProjectConfigurationPlatforms) = postSolution
		{7BBB2D02-1374-41BF-AE22-BE8DFAA8914E}.Debug|Any CPU.ActiveCfg = Debug|Any CPU
		{7BBB2D02-1374-41BF-AE22-BE8DFAA8914E}.Debug|Any CPU.Build.0 = Debug|Any CPU
		{7BBB2D02-1374-41BF-AE22-BE8DFAA8914E}.Release|Any CPU.ActiveCfg = Release|Any CPU
		{7BBB2D02-1374-41BF-AE22-BE8DFAA8914E}.Release|Any CPU.Build.0 = Release|Any CPU
	EndGlobalSection
	GlobalSection(SolutionProperties) = preSolution
		HideSolutionNode = FALSE
	EndGlobalSection
	GlobalSection(ExtensibilityGlobals) = postSolution
		SolutionGuid = {FDBB2B7C-FD6E-4283-931F-CA092A76DE22}
	EndGlobalSection
EndGlobal
